// !$*UTF8*$!
{
	archiveVersion = 1;
	classes = {
	};
	objectVersion = 46;
	objects = {

/* Begin PBXBuildFile section */
		12191DA217DF377F000C3F40 /* NGBaseValidation.m in Sources */ = {isa = PBXBuildFile; fileRef = 12191DA117DF377E000C3F40 /* NGBaseValidation.m */; };
		12191DA817DF378F000C3F40 /* NGRegexValidation.m in Sources */ = {isa = PBXBuildFile; fileRef = 12191DA517DF378F000C3F40 /* NGRegexValidation.m */; };
		12191DAA17DF378F000C3F40 /* NGRequiredValidation.m in Sources */ = {isa = PBXBuildFile; fileRef = 12191DA717DF378F000C3F40 /* NGRequiredValidation.m */; };
		12191DB217DF3B35000C3F40 /* NGBlockValidation.m in Sources */ = {isa = PBXBuildFile; fileRef = 12191DB117DF3B35000C3F40 /* NGBlockValidation.m */; };
		12191DB817DF3EE4000C3F40 /* Student.m in Sources */ = {isa = PBXBuildFile; fileRef = 12191DB617DF3EDE000C3F40 /* Student.m */; };
		12191DBC17DF5C7B000C3F40 /* NSObject+Properties.m in Sources */ = {isa = PBXBuildFile; fileRef = 12191DBB17DF5C7B000C3F40 /* NSObject+Properties.m */; };
		1235F05617C666C3009FD2E9 /* UIKit.framework in Frameworks */ = {isa = PBXBuildFile; fileRef = 1235F05517C666C3009FD2E9 /* UIKit.framework */; };
		1235F05817C666C3009FD2E9 /* Foundation.framework in Frameworks */ = {isa = PBXBuildFile; fileRef = 1235F05717C666C3009FD2E9 /* Foundation.framework */; };
		1235F05A17C666C3009FD2E9 /* CoreGraphics.framework in Frameworks */ = {isa = PBXBuildFile; fileRef = 1235F05917C666C3009FD2E9 /* CoreGraphics.framework */; };
		1235F06017C666C3009FD2E9 /* InfoPlist.strings in Resources */ = {isa = PBXBuildFile; fileRef = 1235F05E17C666C3009FD2E9 /* InfoPlist.strings */; };
		1235F06217C666C3009FD2E9 /* main.m in Sources */ = {isa = PBXBuildFile; fileRef = 1235F06117C666C3009FD2E9 /* main.m */; };
		1235F06617C666C3009FD2E9 /* NGAppDelegate.m in Sources */ = {isa = PBXBuildFile; fileRef = 1235F06517C666C3009FD2E9 /* NGAppDelegate.m */; };
		1235F06817C666C3009FD2E9 /* Default.png in Resources */ = {isa = PBXBuildFile; fileRef = 1235F06717C666C3009FD2E9 /* Default.png */; };
		1235F06A17C666C3009FD2E9 /* Default@2x.png in Resources */ = {isa = PBXBuildFile; fileRef = 1235F06917C666C3009FD2E9 /* Default@2x.png */; };
		1235F06C17C666C3009FD2E9 /* Default-568h@2x.png in Resources */ = {isa = PBXBuildFile; fileRef = 1235F06B17C666C3009FD2E9 /* Default-568h@2x.png */; };
		1235F06F17C666C3009FD2E9 /* NGViewController.m in Sources */ = {isa = PBXBuildFile; fileRef = 1235F06E17C666C3009FD2E9 /* NGViewController.m */; };
		1235F07217C666C3009FD2E9 /* NGViewController.xib in Resources */ = {isa = PBXBuildFile; fileRef = 1235F07017C666C3009FD2E9 /* NGViewController.xib */; };
		1235F09617C666F8009FD2E9 /* NGModel.m in Sources */ = {isa = PBXBuildFile; fileRef = 1235F09517C666F8009FD2E9 /* NGModel.m */; };
		12AD6ECE17E711F10035F24E /* UIKit.framework in Frameworks */ = {isa = PBXBuildFile; fileRef = 1235F05517C666C3009FD2E9 /* UIKit.framework */; };
		12AD6ECF17E711F10035F24E /* Foundation.framework in Frameworks */ = {isa = PBXBuildFile; fileRef = 1235F05717C666C3009FD2E9 /* Foundation.framework */; };
		12AD6ED017E711F10035F24E /* CoreGraphics.framework in Frameworks */ = {isa = PBXBuildFile; fileRef = 1235F05917C666C3009FD2E9 /* CoreGraphics.framework */; };
		12AD6ED617E711F10035F24E /* InfoPlist.strings in Resources */ = {isa = PBXBuildFile; fileRef = 12AD6ED417E711F10035F24E /* InfoPlist.strings */; };
		12AD6ED817E711F10035F24E /* main.m in Sources */ = {isa = PBXBuildFile; fileRef = 12AD6ED717E711F10035F24E /* main.m */; };
		12AD6EDC17E711F10035F24E /* NGAppDelegate.m in Sources */ = {isa = PBXBuildFile; fileRef = 12AD6EDB17E711F10035F24E /* NGAppDelegate.m */; };
		12AD6EDE17E711F10035F24E /* Default.png in Resources */ = {isa = PBXBuildFile; fileRef = 12AD6EDD17E711F10035F24E /* Default.png */; };
		12AD6EE017E711F10035F24E /* Default@2x.png in Resources */ = {isa = PBXBuildFile; fileRef = 12AD6EDF17E711F10035F24E /* Default@2x.png */; };
		12AD6EE217E711F10035F24E /* Default-568h@2x.png in Resources */ = {isa = PBXBuildFile; fileRef = 12AD6EE117E711F10035F24E /* Default-568h@2x.png */; };
		12AD6EF417E7140E0035F24E /* NGModel_SerializationTest.m in Sources */ = {isa = PBXBuildFile; fileRef = 12AD6EF317E7140E0035F24E /* NGModel_SerializationTest.m */; };
		12AD6EF517E714340035F24E /* NGModel.m in Sources */ = {isa = PBXBuildFile; fileRef = 1235F09517C666F8009FD2E9 /* NGModel.m */; };
		12AD6EF617E714370035F24E /* NGModel+Serialization.m in Sources */ = {isa = PBXBuildFile; fileRef = 12D7380917D5E320002B49C8 /* NGModel+Serialization.m */; };
		12AD6EF717E7145E0035F24E /* NGModel+Validations.m in Sources */ = {isa = PBXBuildFile; fileRef = 12D7380C17D5E32D002B49C8 /* NGModel+Validations.m */; };
		12AD6EF817E714630035F24E /* NGRequiredValidation.m in Sources */ = {isa = PBXBuildFile; fileRef = 12191DA717DF378F000C3F40 /* NGRequiredValidation.m */; };
		12AD6EF917E714780035F24E /* NGModel+Helpers.m in Sources */ = {isa = PBXBuildFile; fileRef = A1D51A6817E08A6100D54944 /* NGModel+Helpers.m */; };
		12AD6EFA17E7147B0035F24E /* NGModel+Caching.m in Sources */ = {isa = PBXBuildFile; fileRef = A1D51A6317E07C4F00D54944 /* NGModel+Caching.m */; };
		12AD6EFB17E7147E0035F24E /* NSObject+Properties.m in Sources */ = {isa = PBXBuildFile; fileRef = 12191DBB17DF5C7B000C3F40 /* NSObject+Properties.m */; };
		12AD6EFC17E714810035F24E /* NGProperty.m in Sources */ = {isa = PBXBuildFile; fileRef = 12B3B2B517E06845002C2925 /* NGProperty.m */; };
		12AD6EFD17E714850035F24E /* NGDataGenerator.m in Sources */ = {isa = PBXBuildFile; fileRef = A1D51A5E17E07AD300D54944 /* NGDataGenerator.m */; };
		12AD6EFE17E714890035F24E /* NGModel+Instantation.m in Sources */ = {isa = PBXBuildFile; fileRef = A1D51A5917E0749400D54944 /* NGModel+Instantation.m */; };
		12AD6EFF17E7148D0035F24E /* NGValidationError.m in Sources */ = {isa = PBXBuildFile; fileRef = A18B0E9117E1D69E00ADAAA8 /* NGValidationError.m */; };
		12AD6F0017E714900035F24E /* NGBaseValidation.m in Sources */ = {isa = PBXBuildFile; fileRef = 12191DA117DF377E000C3F40 /* NGBaseValidation.m */; };
		12AD6F0117E714930035F24E /* NGBlockValidation.m in Sources */ = {isa = PBXBuildFile; fileRef = 12191DB117DF3B35000C3F40 /* NGBlockValidation.m */; };
		12AD6F0217E714C70035F24E /* NGRegexValidation.m in Sources */ = {isa = PBXBuildFile; fileRef = 12191DA517DF378F000C3F40 /* NGRegexValidation.m */; };
		12AD6F0617E7155C0035F24E /* SimpleModel.m in Sources */ = {isa = PBXBuildFile; fileRef = 12AD6F0517E7155C0035F24E /* SimpleModel.m */; };
		12AD6F0817E71A810035F24E /* NGModel_ValidationsTest.m in Sources */ = {isa = PBXBuildFile; fileRef = 12AD6F0717E71A810035F24E /* NGModel_ValidationsTest.m */; };
		12B3B2B617E06845002C2925 /* NGProperty.m in Sources */ = {isa = PBXBuildFile; fileRef = 12B3B2B517E06845002C2925 /* NGProperty.m */; };
		12D7380A17D5E320002B49C8 /* NGModel+Serialization.m in Sources */ = {isa = PBXBuildFile; fileRef = 12D7380917D5E320002B49C8 /* NGModel+Serialization.m */; };
		12D7380D17D5E32D002B49C8 /* NGModel+Validations.m in Sources */ = {isa = PBXBuildFile; fileRef = 12D7380C17D5E32D002B49C8 /* NGModel+Validations.m */; };
		1BF80641F3BB42E5AE108C84 /* libPods.a in Frameworks */ = {isa = PBXBuildFile; fileRef = 0825BB798D464C48B2F67588 /* libPods.a */; };
		7D1A6155B93543DE8AB3679E /* libPods-Tests.a in Frameworks */ = {isa = PBXBuildFile; fileRef = CEEBA820A4D94A1CB33692AC /* libPods-Tests.a */; };
		A18B0E9217E1D69E00ADAAA8 /* NGValidationError.m in Sources */ = {isa = PBXBuildFile; fileRef = A18B0E9117E1D69E00ADAAA8 /* NGValidationError.m */; };
		A1D51A5617E06FCC00D54944 /* SerializationObject.m in Sources */ = {isa = PBXBuildFile; fileRef = A1D51A5517E06FCC00D54944 /* SerializationObject.m */; };
		A1D51A5A17E0749400D54944 /* NGModel+Instantation.m in Sources */ = {isa = PBXBuildFile; fileRef = A1D51A5917E0749400D54944 /* NGModel+Instantation.m */; };
		A1D51A5F17E07AD300D54944 /* NGDataGenerator.m in Sources */ = {isa = PBXBuildFile; fileRef = A1D51A5E17E07AD300D54944 /* NGDataGenerator.m */; };
		A1D51A6417E07C4F00D54944 /* NGModel+Caching.m in Sources */ = {isa = PBXBuildFile; fileRef = A1D51A6317E07C4F00D54944 /* NGModel+Caching.m */; };
		A1D51A6917E08A6100D54944 /* NGModel+Helpers.m in Sources */ = {isa = PBXBuildFile; fileRef = A1D51A6817E08A6100D54944 /* NGModel+Helpers.m */; };
		A1D51A6C17E09F2300D54944 /* Human.m in Sources */ = {isa = PBXBuildFile; fileRef = A1D51A6B17E09F2300D54944 /* Human.m */; };
		A1D51A7A17E0B97100D54944 /* Pet.m in Sources */ = {isa = PBXBuildFile; fileRef = A1D51A7917E0B97100D54944 /* Pet.m */; };
/* End PBXBuildFile section */

/* Begin PBXFileReference section */
		07A560D83E8D47598283AE40 /* Pods.xcconfig */ = {isa = PBXFileReference; includeInIndex = 1; lastKnownFileType = text.xcconfig; name = Pods.xcconfig; path = Pods/Pods.xcconfig; sourceTree = SOURCE_ROOT; };
		0825BB798D464C48B2F67588 /* libPods.a */ = {isa = PBXFileReference; explicitFileType = archive.ar; includeInIndex = 0; path = libPods.a; sourceTree = BUILT_PRODUCTS_DIR; };
		12191DA017DF377E000C3F40 /* NGBaseValidation.h */ = {isa = PBXFileReference; fileEncoding = 4; lastKnownFileType = sourcecode.c.h; path = NGBaseValidation.h; sourceTree = "<group>"; };
		12191DA117DF377E000C3F40 /* NGBaseValidation.m */ = {isa = PBXFileReference; fileEncoding = 4; lastKnownFileType = sourcecode.c.objc; path = NGBaseValidation.m; sourceTree = "<group>"; };
		12191DA417DF378F000C3F40 /* NGRegexValidation.h */ = {isa = PBXFileReference; fileEncoding = 4; lastKnownFileType = sourcecode.c.h; path = NGRegexValidation.h; sourceTree = "<group>"; };
		12191DA517DF378F000C3F40 /* NGRegexValidation.m */ = {isa = PBXFileReference; fileEncoding = 4; lastKnownFileType = sourcecode.c.objc; path = NGRegexValidation.m; sourceTree = "<group>"; };
		12191DA617DF378F000C3F40 /* NGRequiredValidation.h */ = {isa = PBXFileReference; fileEncoding = 4; lastKnownFileType = sourcecode.c.h; path = NGRequiredValidation.h; sourceTree = "<group>"; };
		12191DA717DF378F000C3F40 /* NGRequiredValidation.m */ = {isa = PBXFileReference; fileEncoding = 4; lastKnownFileType = sourcecode.c.objc; path = NGRequiredValidation.m; sourceTree = "<group>"; };
		12191DB017DF3B35000C3F40 /* NGBlockValidation.h */ = {isa = PBXFileReference; fileEncoding = 4; lastKnownFileType = sourcecode.c.h; path = NGBlockValidation.h; sourceTree = "<group>"; };
		12191DB117DF3B35000C3F40 /* NGBlockValidation.m */ = {isa = PBXFileReference; fileEncoding = 4; lastKnownFileType = sourcecode.c.objc; path = NGBlockValidation.m; sourceTree = "<group>"; };
		12191DB517DF3EDE000C3F40 /* Student.h */ = {isa = PBXFileReference; fileEncoding = 4; lastKnownFileType = sourcecode.c.h; path = Student.h; sourceTree = "<group>"; };
		12191DB617DF3EDE000C3F40 /* Student.m */ = {isa = PBXFileReference; fileEncoding = 4; lastKnownFileType = sourcecode.c.objc; path = Student.m; sourceTree = "<group>"; };
		12191DBA17DF5C7B000C3F40 /* NSObject+Properties.h */ = {isa = PBXFileReference; fileEncoding = 4; lastKnownFileType = sourcecode.c.h; path = "NSObject+Properties.h"; sourceTree = "<group>"; };
		12191DBB17DF5C7B000C3F40 /* NSObject+Properties.m */ = {isa = PBXFileReference; fileEncoding = 4; lastKnownFileType = sourcecode.c.objc; path = "NSObject+Properties.m"; sourceTree = "<group>"; };
		1235F05217C666C3009FD2E9 /* Model.app */ = {isa = PBXFileReference; explicitFileType = wrapper.application; includeInIndex = 0; path = Model.app; sourceTree = BUILT_PRODUCTS_DIR; };
		1235F05517C666C3009FD2E9 /* UIKit.framework */ = {isa = PBXFileReference; lastKnownFileType = wrapper.framework; name = UIKit.framework; path = System/Library/Frameworks/UIKit.framework; sourceTree = SDKROOT; };
		1235F05717C666C3009FD2E9 /* Foundation.framework */ = {isa = PBXFileReference; lastKnownFileType = wrapper.framework; name = Foundation.framework; path = System/Library/Frameworks/Foundation.framework; sourceTree = SDKROOT; };
		1235F05917C666C3009FD2E9 /* CoreGraphics.framework */ = {isa = PBXFileReference; lastKnownFileType = wrapper.framework; name = CoreGraphics.framework; path = System/Library/Frameworks/CoreGraphics.framework; sourceTree = SDKROOT; };
		1235F05D17C666C3009FD2E9 /* Model-Info.plist */ = {isa = PBXFileReference; lastKnownFileType = text.plist.xml; path = "Model-Info.plist"; sourceTree = "<group>"; };
		1235F05F17C666C3009FD2E9 /* en */ = {isa = PBXFileReference; lastKnownFileType = text.plist.strings; name = en; path = en.lproj/InfoPlist.strings; sourceTree = "<group>"; };
		1235F06117C666C3009FD2E9 /* main.m */ = {isa = PBXFileReference; lastKnownFileType = sourcecode.c.objc; path = main.m; sourceTree = "<group>"; };
		1235F06317C666C3009FD2E9 /* Model-Prefix.pch */ = {isa = PBXFileReference; lastKnownFileType = sourcecode.c.h; path = "Model-Prefix.pch"; sourceTree = "<group>"; };
		1235F06417C666C3009FD2E9 /* NGAppDelegate.h */ = {isa = PBXFileReference; lastKnownFileType = sourcecode.c.h; path = NGAppDelegate.h; sourceTree = "<group>"; };
		1235F06517C666C3009FD2E9 /* NGAppDelegate.m */ = {isa = PBXFileReference; lastKnownFileType = sourcecode.c.objc; path = NGAppDelegate.m; sourceTree = "<group>"; };
		1235F06717C666C3009FD2E9 /* Default.png */ = {isa = PBXFileReference; lastKnownFileType = image.png; path = Default.png; sourceTree = "<group>"; };
		1235F06917C666C3009FD2E9 /* Default@2x.png */ = {isa = PBXFileReference; lastKnownFileType = image.png; path = "Default@2x.png"; sourceTree = "<group>"; };
		1235F06B17C666C3009FD2E9 /* Default-568h@2x.png */ = {isa = PBXFileReference; lastKnownFileType = image.png; path = "Default-568h@2x.png"; sourceTree = "<group>"; };
		1235F06D17C666C3009FD2E9 /* NGViewController.h */ = {isa = PBXFileReference; lastKnownFileType = sourcecode.c.h; path = NGViewController.h; sourceTree = "<group>"; };
		1235F06E17C666C3009FD2E9 /* NGViewController.m */ = {isa = PBXFileReference; lastKnownFileType = sourcecode.c.objc; path = NGViewController.m; sourceTree = "<group>"; };
		1235F07117C666C3009FD2E9 /* en */ = {isa = PBXFileReference; lastKnownFileType = file.xib; name = en; path = en.lproj/NGViewController.xib; sourceTree = "<group>"; };
		1235F07917C666C3009FD2E9 /* SenTestingKit.framework */ = {isa = PBXFileReference; lastKnownFileType = wrapper.framework; name = SenTestingKit.framework; path = Library/Frameworks/SenTestingKit.framework; sourceTree = DEVELOPER_DIR; };
		1235F08117C666C3009FD2E9 /* ModelTests-Info.plist */ = {isa = PBXFileReference; lastKnownFileType = text.plist.xml; path = "ModelTests-Info.plist"; sourceTree = "<group>"; };
		1235F08317C666C3009FD2E9 /* en */ = {isa = PBXFileReference; lastKnownFileType = text.plist.strings; name = en; path = en.lproj/InfoPlist.strings; sourceTree = "<group>"; };
		1235F08517C666C3009FD2E9 /* ModelTests.h */ = {isa = PBXFileReference; lastKnownFileType = sourcecode.c.h; path = ModelTests.h; sourceTree = "<group>"; };
		1235F08617C666C3009FD2E9 /* ModelTests.m */ = {isa = PBXFileReference; lastKnownFileType = sourcecode.c.objc; path = ModelTests.m; sourceTree = "<group>"; };
		1235F09417C666F8009FD2E9 /* NGModel.h */ = {isa = PBXFileReference; fileEncoding = 4; lastKnownFileType = sourcecode.c.h; path = NGModel.h; sourceTree = "<group>"; };
		1235F09517C666F8009FD2E9 /* NGModel.m */ = {isa = PBXFileReference; fileEncoding = 4; lastKnownFileType = sourcecode.c.objc; path = NGModel.m; sourceTree = "<group>"; };
		12AD6ECD17E711F10035F24E /* Tests.app */ = {isa = PBXFileReference; explicitFileType = wrapper.application; includeInIndex = 0; path = Tests.app; sourceTree = BUILT_PRODUCTS_DIR; };
		12AD6ED317E711F10035F24E /* Tests-Info.plist */ = {isa = PBXFileReference; lastKnownFileType = text.plist.xml; path = "Tests-Info.plist"; sourceTree = "<group>"; };
		12AD6ED517E711F10035F24E /* en */ = {isa = PBXFileReference; lastKnownFileType = text.plist.strings; name = en; path = en.lproj/InfoPlist.strings; sourceTree = "<group>"; };
		12AD6ED717E711F10035F24E /* main.m */ = {isa = PBXFileReference; lastKnownFileType = sourcecode.c.objc; path = main.m; sourceTree = "<group>"; };
		12AD6ED917E711F10035F24E /* Tests-Prefix.pch */ = {isa = PBXFileReference; lastKnownFileType = sourcecode.c.h; path = "Tests-Prefix.pch"; sourceTree = "<group>"; };
		12AD6EDA17E711F10035F24E /* NGAppDelegate.h */ = {isa = PBXFileReference; lastKnownFileType = sourcecode.c.h; path = NGAppDelegate.h; sourceTree = "<group>"; };
		12AD6EDB17E711F10035F24E /* NGAppDelegate.m */ = {isa = PBXFileReference; lastKnownFileType = sourcecode.c.objc; path = NGAppDelegate.m; sourceTree = "<group>"; };
		12AD6EDD17E711F10035F24E /* Default.png */ = {isa = PBXFileReference; lastKnownFileType = image.png; path = Default.png; sourceTree = "<group>"; };
		12AD6EDF17E711F10035F24E /* Default@2x.png */ = {isa = PBXFileReference; lastKnownFileType = image.png; path = "Default@2x.png"; sourceTree = "<group>"; };
		12AD6EE117E711F10035F24E /* Default-568h@2x.png */ = {isa = PBXFileReference; lastKnownFileType = image.png; path = "Default-568h@2x.png"; sourceTree = "<group>"; };
		12AD6EF317E7140E0035F24E /* NGModel_SerializationTest.m */ = {isa = PBXFileReference; fileEncoding = 4; lastKnownFileType = sourcecode.c.objc; path = NGModel_SerializationTest.m; sourceTree = "<group>"; };
		12AD6F0417E7155C0035F24E /* SimpleModel.h */ = {isa = PBXFileReference; fileEncoding = 4; lastKnownFileType = sourcecode.c.h; path = SimpleModel.h; sourceTree = "<group>"; };
		12AD6F0517E7155C0035F24E /* SimpleModel.m */ = {isa = PBXFileReference; fileEncoding = 4; lastKnownFileType = sourcecode.c.objc; path = SimpleModel.m; sourceTree = "<group>"; };
		12AD6F0717E71A810035F24E /* NGModel_ValidationsTest.m */ = {isa = PBXFileReference; fileEncoding = 4; lastKnownFileType = sourcecode.c.objc; path = NGModel_ValidationsTest.m; sourceTree = "<group>"; };
		12B3B2B417E06845002C2925 /* NGProperty.h */ = {isa = PBXFileReference; fileEncoding = 4; lastKnownFileType = sourcecode.c.h; path = NGProperty.h; sourceTree = "<group>"; };
		12B3B2B517E06845002C2925 /* NGProperty.m */ = {isa = PBXFileReference; fileEncoding = 4; lastKnownFileType = sourcecode.c.objc; path = NGProperty.m; sourceTree = "<group>"; };
		12D7380817D5E320002B49C8 /* NGModel+Serialization.h */ = {isa = PBXFileReference; fileEncoding = 4; lastKnownFileType = sourcecode.c.h; path = "NGModel+Serialization.h"; sourceTree = "<group>"; };
		12D7380917D5E320002B49C8 /* NGModel+Serialization.m */ = {isa = PBXFileReference; fileEncoding = 4; lastKnownFileType = sourcecode.c.objc; path = "NGModel+Serialization.m"; sourceTree = "<group>"; };
		12D7380B17D5E32C002B49C8 /* NGModel+Validations.h */ = {isa = PBXFileReference; fileEncoding = 4; lastKnownFileType = sourcecode.c.h; path = "NGModel+Validations.h"; sourceTree = "<group>"; };
		12D7380C17D5E32D002B49C8 /* NGModel+Validations.m */ = {isa = PBXFileReference; fileEncoding = 4; lastKnownFileType = sourcecode.c.objc; path = "NGModel+Validations.m"; sourceTree = "<group>"; };
		89AA8B8B9D38421BABC55750 /* Pods-Tests.xcconfig */ = {isa = PBXFileReference; includeInIndex = 1; lastKnownFileType = text.xcconfig; name = "Pods-Tests.xcconfig"; path = "Pods/Pods-Tests.xcconfig"; sourceTree = SOURCE_ROOT; };
		A18B0E9017E1D69E00ADAAA8 /* NGValidationError.h */ = {isa = PBXFileReference; fileEncoding = 4; lastKnownFileType = sourcecode.c.h; path = NGValidationError.h; sourceTree = "<group>"; };
		A18B0E9117E1D69E00ADAAA8 /* NGValidationError.m */ = {isa = PBXFileReference; fileEncoding = 4; lastKnownFileType = sourcecode.c.objc; path = NGValidationError.m; sourceTree = "<group>"; };
		A1D51A5417E06FCC00D54944 /* SerializationObject.h */ = {isa = PBXFileReference; fileEncoding = 4; lastKnownFileType = sourcecode.c.h; path = SerializationObject.h; sourceTree = "<group>"; };
		A1D51A5517E06FCC00D54944 /* SerializationObject.m */ = {isa = PBXFileReference; fileEncoding = 4; lastKnownFileType = sourcecode.c.objc; path = SerializationObject.m; sourceTree = "<group>"; };
		A1D51A5817E0749400D54944 /* NGModel+Instantation.h */ = {isa = PBXFileReference; fileEncoding = 4; lastKnownFileType = sourcecode.c.h; path = "NGModel+Instantation.h"; sourceTree = "<group>"; };
		A1D51A5917E0749400D54944 /* NGModel+Instantation.m */ = {isa = PBXFileReference; fileEncoding = 4; lastKnownFileType = sourcecode.c.objc; path = "NGModel+Instantation.m"; sourceTree = "<group>"; };
		A1D51A5D17E07AD300D54944 /* NGDataGenerator.h */ = {isa = PBXFileReference; fileEncoding = 4; lastKnownFileType = sourcecode.c.h; path = NGDataGenerator.h; sourceTree = "<group>"; };
		A1D51A5E17E07AD300D54944 /* NGDataGenerator.m */ = {isa = PBXFileReference; fileEncoding = 4; lastKnownFileType = sourcecode.c.objc; path = NGDataGenerator.m; sourceTree = "<group>"; };
		A1D51A6217E07C4F00D54944 /* NGModel+Caching.h */ = {isa = PBXFileReference; fileEncoding = 4; lastKnownFileType = sourcecode.c.h; path = "NGModel+Caching.h"; sourceTree = "<group>"; };
		A1D51A6317E07C4F00D54944 /* NGModel+Caching.m */ = {isa = PBXFileReference; fileEncoding = 4; lastKnownFileType = sourcecode.c.objc; path = "NGModel+Caching.m"; sourceTree = "<group>"; };
		A1D51A6717E08A6100D54944 /* NGModel+Helpers.h */ = {isa = PBXFileReference; fileEncoding = 4; lastKnownFileType = sourcecode.c.h; path = "NGModel+Helpers.h"; sourceTree = "<group>"; };
		A1D51A6817E08A6100D54944 /* NGModel+Helpers.m */ = {isa = PBXFileReference; fileEncoding = 4; lastKnownFileType = sourcecode.c.objc; path = "NGModel+Helpers.m"; sourceTree = "<group>"; };
		A1D51A6A17E09F2300D54944 /* Human.h */ = {isa = PBXFileReference; fileEncoding = 4; lastKnownFileType = sourcecode.c.h; path = Human.h; sourceTree = "<group>"; };
		A1D51A6B17E09F2300D54944 /* Human.m */ = {isa = PBXFileReference; fileEncoding = 4; lastKnownFileType = sourcecode.c.objc; path = Human.m; sourceTree = "<group>"; };
		A1D51A7817E0B97100D54944 /* Pet.h */ = {isa = PBXFileReference; fileEncoding = 4; lastKnownFileType = sourcecode.c.h; path = Pet.h; sourceTree = "<group>"; };
		A1D51A7917E0B97100D54944 /* Pet.m */ = {isa = PBXFileReference; fileEncoding = 4; lastKnownFileType = sourcecode.c.objc; path = Pet.m; sourceTree = "<group>"; };
		A6EEA417B3FC47E79592C69D /* Pods.xcconfig */ = {isa = PBXFileReference; includeInIndex = 1; lastKnownFileType = text.xcconfig; name = Pods.xcconfig; path = Pods/Pods.xcconfig; sourceTree = SOURCE_ROOT; };
		CEEBA820A4D94A1CB33692AC /* libPods-Tests.a */ = {isa = PBXFileReference; explicitFileType = archive.ar; includeInIndex = 0; path = "libPods-Tests.a"; sourceTree = BUILT_PRODUCTS_DIR; };
/* End PBXFileReference section */

/* Begin PBXFrameworksBuildPhase section */
		1235F04F17C666C3009FD2E9 /* Frameworks */ = {
			isa = PBXFrameworksBuildPhase;
			buildActionMask = 2147483647;
			files = (
				1235F05617C666C3009FD2E9 /* UIKit.framework in Frameworks */,
				1235F05817C666C3009FD2E9 /* Foundation.framework in Frameworks */,
				1235F05A17C666C3009FD2E9 /* CoreGraphics.framework in Frameworks */,
				1BF80641F3BB42E5AE108C84 /* libPods.a in Frameworks */,
			);
			runOnlyForDeploymentPostprocessing = 0;
		};
		12AD6ECA17E711F10035F24E /* Frameworks */ = {
			isa = PBXFrameworksBuildPhase;
			buildActionMask = 2147483647;
			files = (
				12AD6ECE17E711F10035F24E /* UIKit.framework in Frameworks */,
				12AD6ECF17E711F10035F24E /* Foundation.framework in Frameworks */,
				12AD6ED017E711F10035F24E /* CoreGraphics.framework in Frameworks */,
				7D1A6155B93543DE8AB3679E /* libPods-Tests.a in Frameworks */,
			);
			runOnlyForDeploymentPostprocessing = 0;
		};
/* End PBXFrameworksBuildPhase section */

/* Begin PBXGroup section */
		12191DAC17DF3794000C3F40 /* BaseValidation */ = {
			isa = PBXGroup;
			children = (
				12191DA017DF377E000C3F40 /* NGBaseValidation.h */,
				12191DA117DF377E000C3F40 /* NGBaseValidation.m */,
			);
			name = BaseValidation;
			sourceTree = "<group>";
		};
		12191DAD17DF379A000C3F40 /* RequiredValidation */ = {
			isa = PBXGroup;
			children = (
				12191DA617DF378F000C3F40 /* NGRequiredValidation.h */,
				12191DA717DF378F000C3F40 /* NGRequiredValidation.m */,
			);
			name = RequiredValidation;
			sourceTree = "<group>";
		};
		12191DAE17DF37A3000C3F40 /* RegexValidation */ = {
			isa = PBXGroup;
			children = (
				12191DA417DF378F000C3F40 /* NGRegexValidation.h */,
				12191DA517DF378F000C3F40 /* NGRegexValidation.m */,
			);
			name = RegexValidation;
			sourceTree = "<group>";
		};
		12191DAF17DF3B19000C3F40 /* BlockValidation */ = {
			isa = PBXGroup;
			children = (
				12191DB017DF3B35000C3F40 /* NGBlockValidation.h */,
				12191DB117DF3B35000C3F40 /* NGBlockValidation.m */,
			);
			name = BlockValidation;
			sourceTree = "<group>";
		};
		12191DB417DF3ED2000C3F40 /* TestModels */ = {
			isa = PBXGroup;
			children = (
				12191DB517DF3EDE000C3F40 /* Student.h */,
				12191DB617DF3EDE000C3F40 /* Student.m */,
				A1D51A5417E06FCC00D54944 /* SerializationObject.h */,
				A1D51A5517E06FCC00D54944 /* SerializationObject.m */,
				A1D51A6A17E09F2300D54944 /* Human.h */,
				A1D51A6B17E09F2300D54944 /* Human.m */,
				A1D51A7817E0B97100D54944 /* Pet.h */,
				A1D51A7917E0B97100D54944 /* Pet.m */,
			);
			name = TestModels;
			sourceTree = "<group>";
		};
		12191DB917DF5C54000C3F40 /* Properties */ = {
			isa = PBXGroup;
			children = (
				12B3B2B317E06833002C2925 /* NGProperty */,
				12191DBA17DF5C7B000C3F40 /* NSObject+Properties.h */,
				12191DBB17DF5C7B000C3F40 /* NSObject+Properties.m */,
			);
			name = Properties;
			sourceTree = "<group>";
		};
		1235F04917C666C3009FD2E9 = {
			isa = PBXGroup;
			children = (
				1235F05B17C666C3009FD2E9 /* Model */,
				1235F07F17C666C3009FD2E9 /* ModelTests */,
				12AD6ED117E711F10035F24E /* Tests */,
				1235F05417C666C3009FD2E9 /* Frameworks */,
				1235F05317C666C3009FD2E9 /* Products */,
				07A560D83E8D47598283AE40 /* Pods.xcconfig */,
				A6EEA417B3FC47E79592C69D /* Pods.xcconfig */,
				89AA8B8B9D38421BABC55750 /* Pods-Tests.xcconfig */,
			);
			sourceTree = "<group>";
		};
		1235F05317C666C3009FD2E9 /* Products */ = {
			isa = PBXGroup;
			children = (
				1235F05217C666C3009FD2E9 /* Model.app */,
				12AD6ECD17E711F10035F24E /* Tests.app */,
			);
			name = Products;
			sourceTree = "<group>";
		};
		1235F05417C666C3009FD2E9 /* Frameworks */ = {
			isa = PBXGroup;
			children = (
				1235F05517C666C3009FD2E9 /* UIKit.framework */,
				1235F05717C666C3009FD2E9 /* Foundation.framework */,
				1235F05917C666C3009FD2E9 /* CoreGraphics.framework */,
				1235F07917C666C3009FD2E9 /* SenTestingKit.framework */,
				0825BB798D464C48B2F67588 /* libPods.a */,
				CEEBA820A4D94A1CB33692AC /* libPods-Tests.a */,
			);
			name = Frameworks;
			sourceTree = "<group>";
		};
		1235F05B17C666C3009FD2E9 /* Model */ = {
			isa = PBXGroup;
			children = (
				1235F09017C666DC009FD2E9 /* NGModel */,
				1235F06417C666C3009FD2E9 /* NGAppDelegate.h */,
				1235F06517C666C3009FD2E9 /* NGAppDelegate.m */,
				1235F06D17C666C3009FD2E9 /* NGViewController.h */,
				1235F06E17C666C3009FD2E9 /* NGViewController.m */,
				1235F07017C666C3009FD2E9 /* NGViewController.xib */,
				1235F05C17C666C3009FD2E9 /* Supporting Files */,
			);
			path = Model;
			sourceTree = "<group>";
		};
		1235F05C17C666C3009FD2E9 /* Supporting Files */ = {
			isa = PBXGroup;
			children = (
				1235F05D17C666C3009FD2E9 /* Model-Info.plist */,
				1235F05E17C666C3009FD2E9 /* InfoPlist.strings */,
				1235F06117C666C3009FD2E9 /* main.m */,
				1235F06317C666C3009FD2E9 /* Model-Prefix.pch */,
				1235F06717C666C3009FD2E9 /* Default.png */,
				1235F06917C666C3009FD2E9 /* Default@2x.png */,
				1235F06B17C666C3009FD2E9 /* Default-568h@2x.png */,
			);
			name = "Supporting Files";
			sourceTree = "<group>";
		};
		1235F07F17C666C3009FD2E9 /* ModelTests */ = {
			isa = PBXGroup;
			children = (
				12191DB417DF3ED2000C3F40 /* TestModels */,
				1235F08517C666C3009FD2E9 /* ModelTests.h */,
				1235F08617C666C3009FD2E9 /* ModelTests.m */,
				1235F08017C666C3009FD2E9 /* Supporting Files */,
			);
			path = ModelTests;
			sourceTree = "<group>";
		};
		1235F08017C666C3009FD2E9 /* Supporting Files */ = {
			isa = PBXGroup;
			children = (
				1235F08117C666C3009FD2E9 /* ModelTests-Info.plist */,
				1235F08217C666C3009FD2E9 /* InfoPlist.strings */,
			);
			name = "Supporting Files";
			sourceTree = "<group>";
		};
		1235F09017C666DC009FD2E9 /* NGModel */ = {
			isa = PBXGroup;
			children = (
				A1D51A6617E08A5200D54944 /* Helpers */,
				A1D51A6117E07C3E00D54944 /* Caching */,
				12191DB917DF5C54000C3F40 /* Properties */,
				125A055F17D5E7B800586AD8 /* Instantiation */,
				12D7381117D5E3BD002B49C8 /* Serialization */,
				12D7381017D5E3B0002B49C8 /* Validations */,
				1235F09417C666F8009FD2E9 /* NGModel.h */,
				1235F09517C666F8009FD2E9 /* NGModel.m */,
			);
			name = NGModel;
			sourceTree = "<group>";
		};
		125A055F17D5E7B800586AD8 /* Instantiation */ = {
			isa = PBXGroup;
			children = (
				A1D51A5C17E07ABF00D54944 /* DataGenerator */,
				A1D51A5817E0749400D54944 /* NGModel+Instantation.h */,
				A1D51A5917E0749400D54944 /* NGModel+Instantation.m */,
			);
			name = Instantiation;
			sourceTree = "<group>";
		};
		12AD6ED117E711F10035F24E /* Tests */ = {
			isa = PBXGroup;
			children = (
				12AD6F0317E7153B0035F24E /* TestModels */,
				12AD6EF017E713DA0035F24E /* SerializationTests */,
				12AD6EDA17E711F10035F24E /* NGAppDelegate.h */,
				12AD6EDB17E711F10035F24E /* NGAppDelegate.m */,
				12AD6ED217E711F10035F24E /* Supporting Files */,
			);
			path = Tests;
			sourceTree = "<group>";
		};
		12AD6ED217E711F10035F24E /* Supporting Files */ = {
			isa = PBXGroup;
			children = (
				12AD6ED317E711F10035F24E /* Tests-Info.plist */,
				12AD6ED417E711F10035F24E /* InfoPlist.strings */,
				12AD6ED717E711F10035F24E /* main.m */,
				12AD6ED917E711F10035F24E /* Tests-Prefix.pch */,
				12AD6EDD17E711F10035F24E /* Default.png */,
				12AD6EDF17E711F10035F24E /* Default@2x.png */,
				12AD6EE117E711F10035F24E /* Default-568h@2x.png */,
			);
			name = "Supporting Files";
			sourceTree = "<group>";
		};
		12AD6EF017E713DA0035F24E /* SerializationTests */ = {
			isa = PBXGroup;
			children = (
				12AD6EF317E7140E0035F24E /* NGModel_SerializationTest.m */,
				12AD6F0717E71A810035F24E /* NGModel_ValidationsTest.m */,
			);
			name = SerializationTests;
			sourceTree = "<group>";
		};
		12AD6F0317E7153B0035F24E /* TestModels */ = {
			isa = PBXGroup;
			children = (
				12AD6F0417E7155C0035F24E /* SimpleModel.h */,
				12AD6F0517E7155C0035F24E /* SimpleModel.m */,
			);
			name = TestModels;
			sourceTree = "<group>";
		};
		12B3B2B317E06833002C2925 /* NGProperty */ = {
			isa = PBXGroup;
			children = (
				12B3B2B417E06845002C2925 /* NGProperty.h */,
				12B3B2B517E06845002C2925 /* NGProperty.m */,
			);
			name = NGProperty;
			sourceTree = "<group>";
		};
		12D7381017D5E3B0002B49C8 /* Validations */ = {
			isa = PBXGroup;
			children = (
				A18B0E8F17E1D67700ADAAA8 /* NGValidationError */,
				12191DAC17DF3794000C3F40 /* BaseValidation */,
				12191DAF17DF3B19000C3F40 /* BlockValidation */,
				12191DAD17DF379A000C3F40 /* RequiredValidation */,
				12191DAE17DF37A3000C3F40 /* RegexValidation */,
				12D7380B17D5E32C002B49C8 /* NGModel+Validations.h */,
				12D7380C17D5E32D002B49C8 /* NGModel+Validations.m */,
			);
			name = Validations;
			sourceTree = "<group>";
		};
		12D7381117D5E3BD002B49C8 /* Serialization */ = {
			isa = PBXGroup;
			children = (
				12D7380817D5E320002B49C8 /* NGModel+Serialization.h */,
				12D7380917D5E320002B49C8 /* NGModel+Serialization.m */,
			);
			name = Serialization;
			sourceTree = "<group>";
		};
		A18B0E8F17E1D67700ADAAA8 /* NGValidationError */ = {
			isa = PBXGroup;
			children = (
				A18B0E9017E1D69E00ADAAA8 /* NGValidationError.h */,
				A18B0E9117E1D69E00ADAAA8 /* NGValidationError.m */,
			);
			name = NGValidationError;
			sourceTree = "<group>";
		};
		A1D51A5C17E07ABF00D54944 /* DataGenerator */ = {
			isa = PBXGroup;
			children = (
				A1D51A5D17E07AD300D54944 /* NGDataGenerator.h */,
				A1D51A5E17E07AD300D54944 /* NGDataGenerator.m */,
			);
			name = DataGenerator;
			sourceTree = "<group>";
		};
		A1D51A6117E07C3E00D54944 /* Caching */ = {
			isa = PBXGroup;
			children = (
				A1D51A6217E07C4F00D54944 /* NGModel+Caching.h */,
				A1D51A6317E07C4F00D54944 /* NGModel+Caching.m */,
			);
			name = Caching;
			sourceTree = "<group>";
		};
		A1D51A6617E08A5200D54944 /* Helpers */ = {
			isa = PBXGroup;
			children = (
				A1D51A6717E08A6100D54944 /* NGModel+Helpers.h */,
				A1D51A6817E08A6100D54944 /* NGModel+Helpers.m */,
			);
			name = Helpers;
			sourceTree = "<group>";
		};
/* End PBXGroup section */

/* Begin PBXNativeTarget section */
		1235F05117C666C3009FD2E9 /* Model */ = {
			isa = PBXNativeTarget;
			buildConfigurationList = 1235F08A17C666C3009FD2E9 /* Build configuration list for PBXNativeTarget "Model" */;
			buildPhases = (
				9BA286790FF8483A96613135 /* Check Pods Manifest.lock */,
				7DE28619C2814E9FAAD86964 /* Check Pods Manifest.lock */,
				1235F04E17C666C3009FD2E9 /* Sources */,
				1235F04F17C666C3009FD2E9 /* Frameworks */,
				1235F05017C666C3009FD2E9 /* Resources */,
				ABB1BDF08BFD49BAADDE42E0 /* Copy Pods Resources */,
				613456D774354C3B9AC00B62 /* Copy Pods Resources */,
			);
			buildRules = (
			);
			dependencies = (
			);
			name = Model;
			productName = Model;
			productReference = 1235F05217C666C3009FD2E9 /* Model.app */;
			productType = "com.apple.product-type.application";
		};
		12AD6ECC17E711F10035F24E /* Tests */ = {
			isa = PBXNativeTarget;
			buildConfigurationList = 12AD6EE317E711F10035F24E /* Build configuration list for PBXNativeTarget "Tests" */;
			buildPhases = (
				53F06D969907412BB9449F98 /* Check Pods Manifest.lock */,
				12AD6EC917E711F10035F24E /* Sources */,
				12AD6ECA17E711F10035F24E /* Frameworks */,
				12AD6ECB17E711F10035F24E /* Resources */,
				1ABD4D381AC94E7882744F4C /* Copy Pods Resources */,
			);
			buildRules = (
			);
			dependencies = (
			);
			name = Tests;
			productName = Tests;
			productReference = 12AD6ECD17E711F10035F24E /* Tests.app */;
			productType = "com.apple.product-type.application";
		};
/* End PBXNativeTarget section */

/* Begin PBXProject section */
		1235F04A17C666C3009FD2E9 /* Project object */ = {
			isa = PBXProject;
			attributes = {
				CLASSPREFIX = NG;
				LastUpgradeCheck = 0460;
				ORGANIZATIONNAME = "Silviu Pop";
			};
			buildConfigurationList = 1235F04D17C666C3009FD2E9 /* Build configuration list for PBXProject "Model" */;
			compatibilityVersion = "Xcode 3.2";
			developmentRegion = English;
			hasScannedForEncodings = 0;
			knownRegions = (
				en,
			);
			mainGroup = 1235F04917C666C3009FD2E9;
			productRefGroup = 1235F05317C666C3009FD2E9 /* Products */;
			projectDirPath = "";
			projectRoot = "";
			targets = (
				1235F05117C666C3009FD2E9 /* Model */,
				12AD6ECC17E711F10035F24E /* Tests */,
			);
		};
/* End PBXProject section */

/* Begin PBXResourcesBuildPhase section */
		1235F05017C666C3009FD2E9 /* Resources */ = {
			isa = PBXResourcesBuildPhase;
			buildActionMask = 2147483647;
			files = (
				1235F06017C666C3009FD2E9 /* InfoPlist.strings in Resources */,
				1235F06817C666C3009FD2E9 /* Default.png in Resources */,
				1235F06A17C666C3009FD2E9 /* Default@2x.png in Resources */,
				1235F06C17C666C3009FD2E9 /* Default-568h@2x.png in Resources */,
				1235F07217C666C3009FD2E9 /* NGViewController.xib in Resources */,
			);
			runOnlyForDeploymentPostprocessing = 0;
		};
		12AD6ECB17E711F10035F24E /* Resources */ = {
			isa = PBXResourcesBuildPhase;
			buildActionMask = 2147483647;
			files = (
				12AD6ED617E711F10035F24E /* InfoPlist.strings in Resources */,
				12AD6EDE17E711F10035F24E /* Default.png in Resources */,
				12AD6EE017E711F10035F24E /* Default@2x.png in Resources */,
				12AD6EE217E711F10035F24E /* Default-568h@2x.png in Resources */,
			);
			runOnlyForDeploymentPostprocessing = 0;
		};
/* End PBXResourcesBuildPhase section */

/* Begin PBXShellScriptBuildPhase section */
		1ABD4D381AC94E7882744F4C /* Copy Pods Resources */ = {
			isa = PBXShellScriptBuildPhase;
			buildActionMask = 2147483647;
			files = (
			);
			inputPaths = (
			);
			name = "Copy Pods Resources";
			outputPaths = (
			);
			runOnlyForDeploymentPostprocessing = 0;
			shellPath = /bin/sh;
			shellScript = "\"${SRCROOT}/Pods/Pods-Tests-resources.sh\"\n";
		};
		53F06D969907412BB9449F98 /* Check Pods Manifest.lock */ = {
			isa = PBXShellScriptBuildPhase;
			buildActionMask = 2147483647;
			files = (
			);
			inputPaths = (
			);
			name = "Check Pods Manifest.lock";
			outputPaths = (
			);
			runOnlyForDeploymentPostprocessing = 0;
			shellPath = /bin/sh;
			shellScript = "diff \"${PODS_ROOT}/../Podfile.lock\" \"${PODS_ROOT}/Manifest.lock\" > /dev/null\nif [[ $? != 0 ]] ; then\n    cat << EOM\nerror: The sandbox is not in sync with the Podfile.lock. Run 'pod install' or update your CocoaPods installation.\nEOM\n    exit 1\nfi\n";
		};
		613456D774354C3B9AC00B62 /* Copy Pods Resources */ = {
			isa = PBXShellScriptBuildPhase;
			buildActionMask = 2147483647;
			files = (
			);
			inputPaths = (
			);
			name = "Copy Pods Resources";
			outputPaths = (
			);
			runOnlyForDeploymentPostprocessing = 0;
			shellPath = /bin/sh;
			shellScript = "\"${SRCROOT}/Pods/Pods-resources.sh\"\n";
		};
		7DE28619C2814E9FAAD86964 /* Check Pods Manifest.lock */ = {
			isa = PBXShellScriptBuildPhase;
			buildActionMask = 2147483647;
			files = (
			);
			inputPaths = (
			);
			name = "Check Pods Manifest.lock";
			outputPaths = (
			);
			runOnlyForDeploymentPostprocessing = 0;
			shellPath = /bin/sh;
			shellScript = "diff \"${PODS_ROOT}/../Podfile.lock\" \"${PODS_ROOT}/Manifest.lock\" > /dev/null\nif [[ $? != 0 ]] ; then\n    cat << EOM\nerror: The sandbox is not in sync with the Podfile.lock. Run 'pod install' or update your CocoaPods installation.\nEOM\n    exit 1\nfi\n";
		};
		9BA286790FF8483A96613135 /* Check Pods Manifest.lock */ = {
			isa = PBXShellScriptBuildPhase;
			buildActionMask = 2147483647;
			files = (
			);
			inputPaths = (
			);
			name = "Check Pods Manifest.lock";
			outputPaths = (
			);
			runOnlyForDeploymentPostprocessing = 0;
			shellPath = /bin/sh;
			shellScript = "diff \"${PODS_ROOT}/../Podfile.lock\" \"${PODS_ROOT}/Manifest.lock\" > /dev/null\nif [[ $? != 0 ]] ; then\n    cat << EOM\nerror: The sandbox is not in sync with the Podfile.lock. Run 'pod install' or update your CocoaPods installation.\nEOM\n    exit 1\nfi\n";
		};
		ABB1BDF08BFD49BAADDE42E0 /* Copy Pods Resources */ = {
			isa = PBXShellScriptBuildPhase;
			buildActionMask = 2147483647;
			files = (
			);
			inputPaths = (
			);
			name = "Copy Pods Resources";
			outputPaths = (
			);
			runOnlyForDeploymentPostprocessing = 0;
			shellPath = /bin/sh;
			shellScript = "\"${SRCROOT}/Pods/Pods-resources.sh\"\n";
		};
/* End PBXShellScriptBuildPhase section */

/* Begin PBXSourcesBuildPhase section */
		1235F04E17C666C3009FD2E9 /* Sources */ = {
			isa = PBXSourcesBuildPhase;
			buildActionMask = 2147483647;
			files = (
				A18B0E9217E1D69E00ADAAA8 /* NGValidationError.m in Sources */,
				A1D51A6917E08A6100D54944 /* NGModel+Helpers.m in Sources */,
				A1D51A6C17E09F2300D54944 /* Human.m in Sources */,
				A1D51A6417E07C4F00D54944 /* NGModel+Caching.m in Sources */,
				1235F06217C666C3009FD2E9 /* main.m in Sources */,
				A1D51A5617E06FCC00D54944 /* SerializationObject.m in Sources */,
				A1D51A5F17E07AD300D54944 /* NGDataGenerator.m in Sources */,
				1235F06617C666C3009FD2E9 /* NGAppDelegate.m in Sources */,
				1235F06F17C666C3009FD2E9 /* NGViewController.m in Sources */,
				1235F09617C666F8009FD2E9 /* NGModel.m in Sources */,
				A1D51A7A17E0B97100D54944 /* Pet.m in Sources */,
				12D7380A17D5E320002B49C8 /* NGModel+Serialization.m in Sources */,
				12D7380D17D5E32D002B49C8 /* NGModel+Validations.m in Sources */,
				12191DA217DF377F000C3F40 /* NGBaseValidation.m in Sources */,
				A1D51A5A17E0749400D54944 /* NGModel+Instantation.m in Sources */,
				12191DA817DF378F000C3F40 /* NGRegexValidation.m in Sources */,
				12191DAA17DF378F000C3F40 /* NGRequiredValidation.m in Sources */,
				12191DB217DF3B35000C3F40 /* NGBlockValidation.m in Sources */,
				12191DB817DF3EE4000C3F40 /* Student.m in Sources */,
				12191DBC17DF5C7B000C3F40 /* NSObject+Properties.m in Sources */,
				12B3B2B617E06845002C2925 /* NGProperty.m in Sources */,
			);
			runOnlyForDeploymentPostprocessing = 0;
		};
		12AD6EC917E711F10035F24E /* Sources */ = {
			isa = PBXSourcesBuildPhase;
			buildActionMask = 2147483647;
			files = (
				12AD6ED817E711F10035F24E /* main.m in Sources */,
				12AD6EDC17E711F10035F24E /* NGAppDelegate.m in Sources */,
				12AD6EF417E7140E0035F24E /* NGModel_SerializationTest.m in Sources */,
				12AD6EF517E714340035F24E /* NGModel.m in Sources */,
				12AD6EF617E714370035F24E /* NGModel+Serialization.m in Sources */,
				12AD6EF717E7145E0035F24E /* NGModel+Validations.m in Sources */,
				12AD6EF817E714630035F24E /* NGRequiredValidation.m in Sources */,
				12AD6EF917E714780035F24E /* NGModel+Helpers.m in Sources */,
				12AD6EFA17E7147B0035F24E /* NGModel+Caching.m in Sources */,
				12AD6EFB17E7147E0035F24E /* NSObject+Properties.m in Sources */,
				12AD6EFC17E714810035F24E /* NGProperty.m in Sources */,
				12AD6EFD17E714850035F24E /* NGDataGenerator.m in Sources */,
				12AD6EFE17E714890035F24E /* NGModel+Instantation.m in Sources */,
				12AD6EFF17E7148D0035F24E /* NGValidationError.m in Sources */,
				12AD6F0017E714900035F24E /* NGBaseValidation.m in Sources */,
				12AD6F0117E714930035F24E /* NGBlockValidation.m in Sources */,
				12AD6F0217E714C70035F24E /* NGRegexValidation.m in Sources */,
				12AD6F0617E7155C0035F24E /* SimpleModel.m in Sources */,
				12AD6F0817E71A810035F24E /* NGModel_ValidationsTest.m in Sources */,
			);
			runOnlyForDeploymentPostprocessing = 0;
		};
/* End PBXSourcesBuildPhase section */

/* Begin PBXVariantGroup section */
		1235F05E17C666C3009FD2E9 /* InfoPlist.strings */ = {
			isa = PBXVariantGroup;
			children = (
				1235F05F17C666C3009FD2E9 /* en */,
			);
			name = InfoPlist.strings;
			sourceTree = "<group>";
		};
		1235F07017C666C3009FD2E9 /* NGViewController.xib */ = {
			isa = PBXVariantGroup;
			children = (
				1235F07117C666C3009FD2E9 /* en */,
			);
			name = NGViewController.xib;
			sourceTree = "<group>";
		};
		1235F08217C666C3009FD2E9 /* InfoPlist.strings */ = {
			isa = PBXVariantGroup;
			children = (
				1235F08317C666C3009FD2E9 /* en */,
			);
			name = InfoPlist.strings;
			sourceTree = "<group>";
		};
		12AD6ED417E711F10035F24E /* InfoPlist.strings */ = {
			isa = PBXVariantGroup;
			children = (
				12AD6ED517E711F10035F24E /* en */,
			);
			name = InfoPlist.strings;
			sourceTree = "<group>";
		};
/* End PBXVariantGroup section */

/* Begin XCBuildConfiguration section */
		1235F08817C666C3009FD2E9 /* Debug */ = {
			isa = XCBuildConfiguration;
			buildSettings = {
				ALWAYS_SEARCH_USER_PATHS = NO;
				CLANG_CXX_LANGUAGE_STANDARD = "gnu++0x";
				CLANG_CXX_LIBRARY = "libc++";
				CLANG_ENABLE_OBJC_ARC = YES;
				CLANG_WARN_CONSTANT_CONVERSION = YES;
				CLANG_WARN_EMPTY_BODY = YES;
				CLANG_WARN_ENUM_CONVERSION = YES;
				CLANG_WARN_INT_CONVERSION = YES;
				CLANG_WARN__DUPLICATE_METHOD_MATCH = YES;
				"CODE_SIGN_IDENTITY[sdk=iphoneos*]" = "iPhone Developer";
				COPY_PHASE_STRIP = NO;
				GCC_C_LANGUAGE_STANDARD = gnu99;
				GCC_DYNAMIC_NO_PIC = NO;
				GCC_OPTIMIZATION_LEVEL = 0;
				GCC_PREPROCESSOR_DEFINITIONS = (
					"DEBUG=1",
					"$(inherited)",
				);
				GCC_SYMBOLS_PRIVATE_EXTERN = NO;
				GCC_WARN_ABOUT_RETURN_TYPE = YES;
				GCC_WARN_UNINITIALIZED_AUTOS = YES;
				GCC_WARN_UNUSED_VARIABLE = YES;
				IPHONEOS_DEPLOYMENT_TARGET = 6.1;
				ONLY_ACTIVE_ARCH = YES;
				SDKROOT = iphoneos;
			};
			name = Debug;
		};
		1235F08917C666C3009FD2E9 /* Release */ = {
			isa = XCBuildConfiguration;
			buildSettings = {
				ALWAYS_SEARCH_USER_PATHS = NO;
				CLANG_CXX_LANGUAGE_STANDARD = "gnu++0x";
				CLANG_CXX_LIBRARY = "libc++";
				CLANG_ENABLE_OBJC_ARC = YES;
				CLANG_WARN_CONSTANT_CONVERSION = YES;
				CLANG_WARN_EMPTY_BODY = YES;
				CLANG_WARN_ENUM_CONVERSION = YES;
				CLANG_WARN_INT_CONVERSION = YES;
				CLANG_WARN__DUPLICATE_METHOD_MATCH = YES;
				"CODE_SIGN_IDENTITY[sdk=iphoneos*]" = "iPhone Developer";
				COPY_PHASE_STRIP = YES;
				GCC_C_LANGUAGE_STANDARD = gnu99;
				GCC_WARN_ABOUT_RETURN_TYPE = YES;
				GCC_WARN_UNINITIALIZED_AUTOS = YES;
				GCC_WARN_UNUSED_VARIABLE = YES;
				IPHONEOS_DEPLOYMENT_TARGET = 6.1;
				OTHER_CFLAGS = "-DNS_BLOCK_ASSERTIONS=1";
				SDKROOT = iphoneos;
				VALIDATE_PRODUCT = YES;
			};
			name = Release;
		};
		1235F08B17C666C3009FD2E9 /* Debug */ = {
			isa = XCBuildConfiguration;
			baseConfigurationReference = A6EEA417B3FC47E79592C69D /* Pods.xcconfig */;
			buildSettings = {
				GCC_PRECOMPILE_PREFIX_HEADER = YES;
				GCC_PREFIX_HEADER = "Model/Model-Prefix.pch";
				INFOPLIST_FILE = "Model/Model-Info.plist";
				PRODUCT_NAME = "$(TARGET_NAME)";
				WRAPPER_EXTENSION = app;
			};
			name = Debug;
		};
		1235F08C17C666C3009FD2E9 /* Release */ = {
			isa = XCBuildConfiguration;
			baseConfigurationReference = A6EEA417B3FC47E79592C69D /* Pods.xcconfig */;
			buildSettings = {
				GCC_PRECOMPILE_PREFIX_HEADER = YES;
				GCC_PREFIX_HEADER = "Model/Model-Prefix.pch";
				INFOPLIST_FILE = "Model/Model-Info.plist";
				PRODUCT_NAME = "$(TARGET_NAME)";
				WRAPPER_EXTENSION = app;
			};
			name = Release;
		};
		12AD6EE417E711F10035F24E /* Debug */ = {
			isa = XCBuildConfiguration;
			baseConfigurationReference = 89AA8B8B9D38421BABC55750 /* Pods-Tests.xcconfig */;
			buildSettings = {
				"CODE_SIGN_IDENTITY[sdk=iphoneos*]" = "iPhone Developer";
				GCC_PRECOMPILE_PREFIX_HEADER = YES;
				GCC_PREFIX_HEADER = "Tests/Tests-Prefix.pch";
				INFOPLIST_FILE = "Tests/Tests-Info.plist";
				PRODUCT_NAME = "$(TARGET_NAME)";
				TARGETED_DEVICE_FAMILY = 2;
				WRAPPER_EXTENSION = app;
			};
			name = Debug;
		};
		12AD6EE517E711F10035F24E /* Release */ = {
			isa = XCBuildConfiguration;
			baseConfigurationReference = 89AA8B8B9D38421BABC55750 /* Pods-Tests.xcconfig */;
			buildSettings = {
				"CODE_SIGN_IDENTITY[sdk=iphoneos*]" = "iPhone Developer";
				GCC_PRECOMPILE_PREFIX_HEADER = YES;
				GCC_PREFIX_HEADER = "Tests/Tests-Prefix.pch";
				INFOPLIST_FILE = "Tests/Tests-Info.plist";
				PRODUCT_NAME = "$(TARGET_NAME)";
				TARGETED_DEVICE_FAMILY = 2;
				WRAPPER_EXTENSION = app;
			};
			name = Release;
		};
/* End XCBuildConfiguration section */

/* Begin XCConfigurationList section */
		1235F04D17C666C3009FD2E9 /* Build configuration list for PBXProject "Model" */ = {
			isa = XCConfigurationList;
			buildConfigurations = (
				1235F08817C666C3009FD2E9 /* Debug */,
				1235F08917C666C3009FD2E9 /* Release */,
			);
			defaultConfigurationIsVisible = 0;
			defaultConfigurationName = Release;
		};
		1235F08A17C666C3009FD2E9 /* Build configuration list for PBXNativeTarget "Model" */ = {
			isa = XCConfigurationList;
			buildConfigurations = (
				1235F08B17C666C3009FD2E9 /* Debug */,
				1235F08C17C666C3009FD2E9 /* Release */,
			);
			defaultConfigurationIsVisible = 0;
			defaultConfigurationName = Release;
		};
		12AD6EE317E711F10035F24E /* Build configuration list for PBXNativeTarget "Tests" */ = {
			isa = XCConfigurationList;
			buildConfigurations = (
				12AD6EE417E711F10035F24E /* Debug */,
				12AD6EE517E711F10035F24E /* Release */,
			);
			defaultConfigurationIsVisible = 0;
			defaultConfigurationName = Release;
		};
/* End XCConfigurationList section */
	};
	rootObject = 1235F04A17C666C3009FD2E9 /* Project object */;
}
